
Microsoft Visual Studio Solution File, Format Version 12.00
# Visual Studio Version 16
VisualStudioVersion = 16.0.30225.117
MinimumVisualStudioVersion = 10.0.40219.1
Project("{FAE04EC0-301F-11D3-BF4B-00C04F79EFBC}") = "TodoAPI", "TodoAPI.csproj", "{D9E1A7DB-B9DC-44A6-877D-992467F3A43A}"
EndProject
Global
	GlobalSection(SolutionConfigurationPlatforms) = preSolution
		Debug|Any CPU = Debug|Any CPU
		Release|Any CPU = Release|Any CPU
	EndGlobalSection
	GlobalSection(ProjectConfigurationPlatforms) = postSolution
		{D9E1A7DB-B9DC-44A6-877D-992467F3A43A}.Debug|Any CPU.ActiveCfg = Debug|Any CPU
		{D9E1A7DB-B9DC-44A6-877D-992467F3A43A}.Debug|Any CPU.Build.0 = Debug|Any CPU
		{D9E1A7DB-B9DC-44A6-877D-992467F3A43A}.Release|Any CPU.ActiveCfg = Release|Any CPU
		{D9E1A7DB-B9DC-44A6-877D-992467F3A43A}.Release|Any CPU.Build.0 = Release|Any CPU
	EndGlobalSection
	GlobalSection(SolutionProperties) = preSolution
		HideSolutionNode = FALSE
	EndGlobalSection
	GlobalSection(ExtensibilityGlobals) = postSolution
		SolutionGuid = {60DD11AA-1920-4D56-B56F-CDBB4C5217CF}
	EndGlobalSection
EndGlobal
